PODS:
  - GSMessages (1.7.4)
  - Kingfisher (4.10.1)
  - Localize-Swift (3.2.0):
    - Localize-Swift/LocalizeSwiftCore (= 3.2.0)
    - Localize-Swift/UIKit (= 3.2.0)
  - Localize-Swift/LocalizeSwiftCore (3.2.0)
  - Localize-Swift/UIKit (3.2.0):
    - Localize-Swift/LocalizeSwiftCore
  - ReachabilitySwift (3)
  - Realm (10.5.1):
    - Realm/Headers (= 10.5.1)
  - Realm/Headers (10.5.1)
  - RealmSwift (10.5.1):
    - Realm (= 10.5.1)
  - SnapKit (5.0.1)
  - SwiftLint (0.43.1)

DEPENDENCIES:
  - GSMessages
  - Kingfisher (~> 4.0)
  - Localize-Swift
  - ReachabilitySwift (~> 3)
  - RealmSwift
  - SnapKit (~> 5.0.0)
  - SwiftLint

SPEC REPOS:
  trunk:
    - GSMessages
    - Kingfisher
    - Localize-Swift
    - ReachabilitySwift
    - Realm
    - RealmSwift
    - SnapKit
    - SwiftLint

SPEC CHECKSUMS:
  GSMessages: 9a82cc40465b88cd5d5759bee1fe812c3c63cc3a
  Kingfisher: c148cd7b47ebde9989f6bc7c27dcaa79d81279a0
  Localize-Swift: 6f4475136bdb0d7b2882ea3d4ea919d70142b232
  ReachabilitySwift: f5b9bb30a0777fac8f09ce8b067e32faeb29bb64
  Realm: 77fcb4e0b9f2963ea06f584749a0d7dc9cab95e1
  RealmSwift: 6abe6aa6cd8b70cc1a87afcb9232cabea74ff1ac
  SnapKit: 97b92857e3df3a0c71833cce143274bf6ef8e5eb
  SwiftLint: 99f82d07b837b942dd563c668de129a03fc3fb52

PODFILE CHECKSUM: c4277eb23a116095c93cbc86cd1187b204f82313

COCOAPODS: 1.10.1
